PATH
  remote: .
  specs:
    tailscale (0.1.0)
      base64 (~> 0.3)
      ffi (~> 1.15.5)

GEM
  remote: https://rubygems.org/
  specs:
    base64 (0.3.0)
    ffi (1.15.5)
    minitest (5.27.0)
    rake (13.3.1)
    rake-compiler (1.2.9)
      rake

PLATFORMS
  arm64-darwin-25
  x86_64-linux-gnu

DEPENDENCIES
  base64 (~> 0.3)
  minitest (~> 5.0)
  rake (~> 13.0)
  rake-compiler (~> 1.2.1)
  tailscale!

BUNDLED WITH
   2.4.1
