// !$*UTF8*$!
{
	archiveVersion = 1;
	classes = {
	};
	objectVersion = 77;
	objects = {

/* Begin PBXBuildFile section */
		C25260032D7A71E800BD3CCA /* TailscaleKit.framework in Frameworks */ = {isa = PBXBuildFile; fileRef = C2525FC52D7A69DE00BD3CCA /* TailscaleKit.framework */; };
		C25260052D7A71FE00BD3CCA /* TailscaleKit.framework in CopyFiles */ = {isa = PBXBuildFile; fileRef = C2525FC52D7A69DE00BD3CCA /* TailscaleKit.framework */; settings = {ATTRIBUTES = (CodeSignOnCopy, RemoveHeadersOnCopy, ); }; };
		C2CE237E2DD7756B0096C105 /* TailscaleKit.framework in Frameworks */ = {isa = PBXBuildFile; fileRef = C2CE23762DD76A5C0096C105 /* TailscaleKit.framework */; };
		C2ED636C2DDE3C1400297161 /* TailscaleKit.xcframework in Embed Frameworks */ = {isa = PBXBuildFile; fileRef = C2ED636B2DDE3C1400297161 /* TailscaleKit.xcframework */; settings = {ATTRIBUTES = (CodeSignOnCopy, RemoveHeadersOnCopy, ); }; };
/* End PBXBuildFile section */

/* Begin PBXCopyFilesBuildPhase section */
		C25260042D7A71F300BD3CCA /* CopyFiles */ = {
			isa = PBXCopyFilesBuildPhase;
			buildActionMask = 2147483647;
			dstPath = "";
			dstSubfolderSpec = 10;
			files = (
				C25260052D7A71FE00BD3CCA /* TailscaleKit.framework in CopyFiles */,
			);
			runOnlyForDeploymentPostprocessing = 0;
		};
		C289804C2DBAA8DA0019B7EB /* Embed Frameworks */ = {
			isa = PBXCopyFilesBuildPhase;
			buildActionMask = 2147483647;
			dstPath = "";
			dstSubfolderSpec = 10;
			files = (
				C2ED636C2DDE3C1400297161 /* TailscaleKit.xcframework in Embed Frameworks */,
			);
			name = "Embed Frameworks";
			runOnlyForDeploymentPostprocessing = 0;
		};
/* End PBXCopyFilesBuildPhase section */

/* Begin PBXFileReference section */
		C2525FC52D7A69DE00BD3CCA /* TailscaleKit.framework */ = {isa = PBXFileReference; lastKnownFileType = wrapper.framework; name = TailscaleKit.framework; path = ../../build/Build/Products/Release/TailscaleKit.framework; sourceTree = "<group>"; };
		C2525FF12D7A70B700BD3CCA /* HelloFromTailscale.app */ = {isa = PBXFileReference; explicitFileType = wrapper.application; includeInIndex = 0; path = HelloFromTailscale.app; sourceTree = BUILT_PRODUCTS_DIR; };
		C25260082D7A7DC400BD3CCA /* README.md */ = {isa = PBXFileReference; lastKnownFileType = net.daringfireball.markdown; path = README.md; sourceTree = "<group>"; };
		C289803E2DBA8A350019B7EB /* HelloFromTailscale_iOS.app */ = {isa = PBXFileReference; explicitFileType = wrapper.application; includeInIndex = 0; path = HelloFromTailscale_iOS.app; sourceTree = BUILT_PRODUCTS_DIR; };
		C28980492DBAA7E50019B7EB /* TailscaleKit.framework */ = {isa = PBXFileReference; lastKnownFileType = wrapper.framework; name = TailscaleKit.framework; path = "../../build/Build/Products/Release-iphoneos/TailscaleKit.framework"; sourceTree = "<group>"; };
		C2CE23762DD76A5C0096C105 /* TailscaleKit.framework */ = {isa = PBXFileReference; lastKnownFileType = wrapper.framework; name = TailscaleKit.framework; path = "../../build/Build/Products/Release-iphonesimulator/TailscaleKit.framework"; sourceTree = "<group>"; };
		C2ED636B2DDE3C1400297161 /* TailscaleKit.xcframework */ = {isa = PBXFileReference; lastKnownFileType = wrapper.xcframework; name = TailscaleKit.xcframework; path = "../../build/Build/Products/Release-iphonefat/TailscaleKit.xcframework"; sourceTree = "<group>"; };
/* End PBXFileReference section */

/* Begin PBXFileSystemSynchronizedBuildFileExceptionSet section */
		C289803F2DBA8A360019B7EB /* Exceptions for "HelloFromTailscale" folder in "HelloFromTailscale_iOS" target */ = {
			isa = PBXFileSystemSynchronizedBuildFileExceptionSet;
			membershipExceptions = (
				Assets.xcassets,
				Info.plist,
				"Preview Content/Preview Assets.xcassets",
			);
			target = C28980342DBA8A350019B7EB /* HelloFromTailscale_iOS */;
		};
		C2CE23752DD76A330096C105 /* Exceptions for "HelloFromTailscale" folder in "HelloFromTailscale" target */ = {
			isa = PBXFileSystemSynchronizedBuildFileExceptionSet;
			membershipExceptions = (
				Info_iOS.plist,
			);
			target = C2525FF02D7A70B700BD3CCA /* HelloFromTailscale */;
		};
/* End PBXFileSystemSynchronizedBuildFileExceptionSet section */

/* Begin PBXFileSystemSynchronizedRootGroup section */
		C2525FF22D7A70B700BD3CCA /* HelloFromTailscale */ = {
			isa = PBXFileSystemSynchronizedRootGroup;
			exceptions = (
				C2CE23752DD76A330096C105 /* Exceptions for "HelloFromTailscale" folder in "HelloFromTailscale" target */,
				C289803F2DBA8A360019B7EB /* Exceptions for "HelloFromTailscale" folder in "HelloFromTailscale_iOS" target */,
			);
			path = HelloFromTailscale;
			sourceTree = "<group>";
		};
/* End PBXFileSystemSynchronizedRootGroup section */

/* Begin PBXFrameworksBuildPhase section */
		C2525FEE2D7A70B700BD3CCA /* Frameworks */ = {
			isa = PBXFrameworksBuildPhase;
			buildActionMask = 2147483647;
			files = (
				C25260032D7A71E800BD3CCA /* TailscaleKit.framework in Frameworks */,
			);
			runOnlyForDeploymentPostprocessing = 0;
		};
		C28980362DBA8A350019B7EB /* Frameworks */ = {
			isa = PBXFrameworksBuildPhase;
			buildActionMask = 2147483647;
			files = (
				C2CE237E2DD7756B0096C105 /* TailscaleKit.framework in Frameworks */,
			);
			runOnlyForDeploymentPostprocessing = 0;
		};
/* End PBXFrameworksBuildPhase section */

/* Begin PBXGroup section */
		C2525FB12D7A69A500BD3CCA = {
			isa = PBXGroup;
			children = (
				C25260082D7A7DC400BD3CCA /* README.md */,
				C2525FF22D7A70B700BD3CCA /* HelloFromTailscale */,
				C2525FC42D7A69DE00BD3CCA /* Frameworks */,
				C2525FBB2D7A69A500BD3CCA /* Products */,
			);
			sourceTree = "<group>";
		};
		C2525FBB2D7A69A500BD3CCA /* Products */ = {
			isa = PBXGroup;
			children = (
				C2525FF12D7A70B700BD3CCA /* HelloFromTailscale.app */,
				C289803E2DBA8A350019B7EB /* HelloFromTailscale_iOS.app */,
			);
			name = Products;
			sourceTree = "<group>";
		};
		C2525FC42D7A69DE00BD3CCA /* Frameworks */ = {
			isa = PBXGroup;
			children = (
				C2ED636B2DDE3C1400297161 /* TailscaleKit.xcframework */,
				C2CE23762DD76A5C0096C105 /* TailscaleKit.framework */,
				C2525FC52D7A69DE00BD3CCA /* TailscaleKit.framework */,
				C28980492DBAA7E50019B7EB /* TailscaleKit.framework */,
			);
			name = Frameworks;
			sourceTree = "<group>";
		};
/* End PBXGroup section */

/* Begin PBXNativeTarget section */
		C2525FF02D7A70B700BD3CCA /* HelloFromTailscale */ = {
			isa = PBXNativeTarget;
			buildConfigurationList = C2525FFD2D7A70B900BD3CCA /* Build configuration list for PBXNativeTarget "HelloFromTailscale" */;
			buildPhases = (
				C2525FED2D7A70B700BD3CCA /* Sources */,
				C2525FEE2D7A70B700BD3CCA /* Frameworks */,
				C2525FEF2D7A70B700BD3CCA /* Resources */,
				C25260042D7A71F300BD3CCA /* CopyFiles */,
			);
			buildRules = (
			);
			dependencies = (
			);
			fileSystemSynchronizedGroups = (
				C2525FF22D7A70B700BD3CCA /* HelloFromTailscale */,
			);
			name = HelloFromTailscale;
			packageProductDependencies = (
			);
			productName = HelloFromTailscale;
			productReference = C2525FF12D7A70B700BD3CCA /* HelloFromTailscale.app */;
			productType = "com.apple.product-type.application";
		};
		C28980342DBA8A350019B7EB /* HelloFromTailscale_iOS */ = {
			isa = PBXNativeTarget;
			buildConfigurationList = C289803B2DBA8A350019B7EB /* Build configuration list for PBXNativeTarget "HelloFromTailscale_iOS" */;
			buildPhases = (
				C28980352DBA8A350019B7EB /* Sources */,
				C28980362DBA8A350019B7EB /* Frameworks */,
				C28980382DBA8A350019B7EB /* Resources */,
				C289804C2DBAA8DA0019B7EB /* Embed Frameworks */,
			);
			buildRules = (
			);
			dependencies = (
			);
			fileSystemSynchronizedGroups = (
				C2525FF22D7A70B700BD3CCA /* HelloFromTailscale */,
			);
			name = HelloFromTailscale_iOS;
			packageProductDependencies = (
			);
			productName = HelloFromTailscale;
			productReference = C289803E2DBA8A350019B7EB /* HelloFromTailscale_iOS.app */;
			productType = "com.apple.product-type.application";
		};
/* End PBXNativeTarget section */

/* Begin PBXProject section */
		C2525FB22D7A69A500BD3CCA /* Project object */ = {
			isa = PBXProject;
			attributes = {
				BuildIndependentTargetsInParallel = 1;
				LastSwiftUpdateCheck = 1620;
				LastUpgradeCheck = 1620;
				TargetAttributes = {
					C2525FF02D7A70B700BD3CCA = {
						CreatedOnToolsVersion = 16.2;
					};
				};
			};
			buildConfigurationList = C2525FB52D7A69A500BD3CCA /* Build configuration list for PBXProject "TailscaleKitHello" */;
			developmentRegion = en;
			hasScannedForEncodings = 0;
			knownRegions = (
				en,
				Base,
			);
			mainGroup = C2525FB12D7A69A500BD3CCA;
			minimizedProjectReferenceProxies = 1;
			preferredProjectObjectVersion = 77;
			productRefGroup = C2525FBB2D7A69A500BD3CCA /* Products */;
			projectDirPath = "";
			projectRoot = "";
			targets = (
				C2525FF02D7A70B700BD3CCA /* HelloFromTailscale */,
				C28980342DBA8A350019B7EB /* HelloFromTailscale_iOS */,
			);
		};
/* End PBXProject section */

/* Begin PBXResourcesBuildPhase section */
		C2525FEF2D7A70B700BD3CCA /* Resources */ = {
			isa = PBXResourcesBuildPhase;
			buildActionMask = 2147483647;
			files = (
			);
			runOnlyForDeploymentPostprocessing = 0;
		};
		C28980382DBA8A350019B7EB /* Resources */ = {
			isa = PBXResourcesBuildPhase;
			buildActionMask = 2147483647;
			files = (
			);
			runOnlyForDeploymentPostprocessing = 0;
		};
/* End PBXResourcesBuildPhase section */

/* Begin PBXSourcesBuildPhase section */
		C2525FED2D7A70B700BD3CCA /* Sources */ = {
			isa = PBXSourcesBuildPhase;
			buildActionMask = 2147483647;
			files = (
			);
			runOnlyForDeploymentPostprocessing = 0;
		};
		C28980352DBA8A350019B7EB /* Sources */ = {
			isa = PBXSourcesBuildPhase;
			buildActionMask = 2147483647;
			files = (
			);
			runOnlyForDeploymentPostprocessing = 0;
		};
/* End PBXSourcesBuildPhase section */

/* Begin XCBuildConfiguration section */
		C2525FBF2D7A69A500BD3CCA /* Debug */ = {
			isa = XCBuildConfiguration;
			buildSettings = {
				ALWAYS_SEARCH_USER_PATHS = NO;
				ASSETCATALOG_COMPILER_GENERATE_SWIFT_ASSET_SYMBOL_EXTENSIONS = YES;
				CLANG_ANALYZER_NONNULL = YES;
				CLANG_ANALYZER_NUMBER_OBJECT_CONVERSION = YES_AGGRESSIVE;
				CLANG_CXX_LANGUAGE_STANDARD = "gnu++20";
				CLANG_ENABLE_MODULES = YES;
				CLANG_ENABLE_OBJC_ARC = YES;
				CLANG_ENABLE_OBJC_WEAK = YES;
				CLANG_WARN_BLOCK_CAPTURE_AUTORELEASING = YES;
				CLANG_WARN_BOOL_CONVERSION = YES;
				CLANG_WARN_COMMA = YES;
				CLANG_WARN_CONSTANT_CONVERSION = YES;
				CLANG_WARN_DEPRECATED_OBJC_IMPLEMENTATIONS = YES;
				CLANG_WARN_DIRECT_OBJC_ISA_USAGE = YES_ERROR;
				CLANG_WARN_DOCUMENTATION_COMMENTS = YES;
				CLANG_WARN_EMPTY_BODY = YES;
				CLANG_WARN_ENUM_CONVERSION = YES;
				CLANG_WARN_INFINITE_RECURSION = YES;
				CLANG_WARN_INT_CONVERSION = YES;
				CLANG_WARN_NON_LITERAL_NULL_CONVERSION = YES;
				CLANG_WARN_OBJC_IMPLICIT_RETAIN_SELF = YES;
				CLANG_WARN_OBJC_LITERAL_CONVERSION = YES;
				CLANG_WARN_OBJC_ROOT_CLASS = YES_ERROR;
				CLANG_WARN_QUOTED_INCLUDE_IN_FRAMEWORK_HEADER = YES;
				CLANG_WARN_RANGE_LOOP_ANALYSIS = YES;
				CLANG_WARN_STRICT_PROTOTYPES = YES;
				CLANG_WARN_SUSPICIOUS_MOVE = YES;
				CLANG_WARN_UNGUARDED_AVAILABILITY = YES_AGGRESSIVE;
				CLANG_WARN_UNREACHABLE_CODE = YES;
				CLANG_WARN__DUPLICATE_METHOD_MATCH = YES;
				COPY_PHASE_STRIP = NO;
				DEBUG_INFORMATION_FORMAT = dwarf;
				ENABLE_STRICT_OBJC_MSGSEND = YES;
				ENABLE_TESTABILITY = YES;
				ENABLE_USER_SCRIPT_SANDBOXING = YES;
				GCC_C_LANGUAGE_STANDARD = gnu17;
				GCC_DYNAMIC_NO_PIC = NO;
				GCC_NO_COMMON_BLOCKS = YES;
				GCC_OPTIMIZATION_LEVEL = 0;
				GCC_PREPROCESSOR_DEFINITIONS = (
					"DEBUG=1",
					"$(inherited)",
				);
				GCC_WARN_64_TO_32_BIT_CONVERSION = YES;
				GCC_WARN_ABOUT_RETURN_TYPE = YES_ERROR;
				GCC_WARN_UNDECLARED_SELECTOR = YES;
				GCC_WARN_UNINITIALIZED_AUTOS = YES_AGGRESSIVE;
				GCC_WARN_UNUSED_FUNCTION = YES;
				GCC_WARN_UNUSED_VARIABLE = YES;
				LOCALIZATION_PREFERS_STRING_CATALOGS = YES;
				MACOSX_DEPLOYMENT_TARGET = 15.2;
				MTL_ENABLE_DEBUG_INFO = INCLUDE_SOURCE;
				MTL_FAST_MATH = YES;
				ONLY_ACTIVE_ARCH = YES;
				SDKROOT = macosx;
				SWIFT_ACTIVE_COMPILATION_CONDITIONS = "DEBUG $(inherited)";
				SWIFT_OPTIMIZATION_LEVEL = "-Onone";
			};
			name = Debug;
		};
		C2525FC02D7A69A500BD3CCA /* Release */ = {
			isa = XCBuildConfiguration;
			buildSettings = {
				ALWAYS_SEARCH_USER_PATHS = NO;
				ASSETCATALOG_COMPILER_GENERATE_SWIFT_ASSET_SYMBOL_EXTENSIONS = YES;
				CLANG_ANALYZER_NONNULL = YES;
				CLANG_ANALYZER_NUMBER_OBJECT_CONVERSION = YES_AGGRESSIVE;
				CLANG_CXX_LANGUAGE_STANDARD = "gnu++20";
				CLANG_ENABLE_MODULES = YES;
				CLANG_ENABLE_OBJC_ARC = YES;
				CLANG_ENABLE_OBJC_WEAK = YES;
				CLANG_WARN_BLOCK_CAPTURE_AUTORELEASING = YES;
				CLANG_WARN_BOOL_CONVERSION = YES;
				CLANG_WARN_COMMA = YES;
				CLANG_WARN_CONSTANT_CONVERSION = YES;
				CLANG_WARN_DEPRECATED_OBJC_IMPLEMENTATIONS = YES;
				CLANG_WARN_DIRECT_OBJC_ISA_USAGE = YES_ERROR;
				CLANG_WARN_DOCUMENTATION_COMMENTS = YES;
				CLANG_WARN_EMPTY_BODY = YES;
				CLANG_WARN_ENUM_CONVERSION = YES;
				CLANG_WARN_INFINITE_RECURSION = YES;
				CLANG_WARN_INT_CONVERSION = YES;
				CLANG_WARN_NON_LITERAL_NULL_CONVERSION = YES;
				CLANG_WARN_OBJC_IMPLICIT_RETAIN_SELF = YES;
				CLANG_WARN_OBJC_LITERAL_CONVERSION = YES;
				CLANG_WARN_OBJC_ROOT_CLASS = YES_ERROR;
				CLANG_WARN_QUOTED_INCLUDE_IN_FRAMEWORK_HEADER = YES;
				CLANG_WARN_RANGE_LOOP_ANALYSIS = YES;
				CLANG_WARN_STRICT_PROTOTYPES = YES;
				CLANG_WARN_SUSPICIOUS_MOVE = YES;
				CLANG_WARN_UNGUARDED_AVAILABILITY = YES_AGGRESSIVE;
				CLANG_WARN_UNREACHABLE_CODE = YES;
				CLANG_WARN__DUPLICATE_METHOD_MATCH = YES;
				COPY_PHASE_STRIP = NO;
				DEBUG_INFORMATION_FORMAT = "dwarf-with-dsym";
				ENABLE_NS_ASSERTIONS = NO;
				ENABLE_STRICT_OBJC_MSGSEND = YES;
				ENABLE_USER_SCRIPT_SANDBOXING = YES;
				GCC_C_LANGUAGE_STANDARD = gnu17;
				GCC_NO_COMMON_BLOCKS = YES;
				GCC_WARN_64_TO_32_BIT_CONVERSION = YES;
				GCC_WARN_ABOUT_RETURN_TYPE = YES_ERROR;
				GCC_WARN_UNDECLARED_SELECTOR = YES;
				GCC_WARN_UNINITIALIZED_AUTOS = YES_AGGRESSIVE;
				GCC_WARN_UNUSED_FUNCTION = YES;
				GCC_WARN_UNUSED_VARIABLE = YES;
				LOCALIZATION_PREFERS_STRING_CATALOGS = YES;
				MACOSX_DEPLOYMENT_TARGET = 15.2;
				MTL_ENABLE_DEBUG_INFO = NO;
				MTL_FAST_MATH = YES;
				SDKROOT = macosx;
				SWIFT_COMPILATION_MODE = wholemodule;
			};
			name = Release;
		};
		C2525FFE2D7A70B900BD3CCA /* Debug */ = {
			isa = XCBuildConfiguration;
			buildSettings = {
				ASSETCATALOG_COMPILER_APPICON_NAME = AppIcon;
				ASSETCATALOG_COMPILER_GLOBAL_ACCENT_COLOR_NAME = AccentColor;
				CODE_SIGN_ENTITLEMENTS = HelloFromTailscale/HelloFromTailscale.entitlements;
				CODE_SIGN_STYLE = Automatic;
				COMBINE_HIDPI_IMAGES = YES;
				CURRENT_PROJECT_VERSION = 1;
				DEVELOPMENT_ASSET_PATHS = "\"HelloFromTailscale/Preview Content\"";
				DEVELOPMENT_TEAM = W5364U7YZB;
				ENABLE_HARDENED_RUNTIME = YES;
				ENABLE_PREVIEWS = YES;
				FRAMEWORK_SEARCH_PATHS = ../../build/Build;
				GENERATE_INFOPLIST_FILE = YES;
				INFOPLIST_FILE = HelloFromTailscale/Info.plist;
				INFOPLIST_KEY_NSHumanReadableCopyright = "";
				LD_RUNPATH_SEARCH_PATHS = (
					"$(inherited)",
					"@executable_path/../Frameworks",
				);
				MARKETING_VERSION = 1.0;
				PRODUCT_BUNDLE_IDENTIFIER = io.tailscale.HelloFromTailscale;
				PRODUCT_NAME = "$(TARGET_NAME)";
				SWIFT_EMIT_LOC_STRINGS = YES;
				SWIFT_VERSION = 6.0;
			};
			name = Debug;
		};
		C2525FFF2D7A70B900BD3CCA /* Release */ = {
			isa = XCBuildConfiguration;
			buildSettings = {
				ASSETCATALOG_COMPILER_APPICON_NAME = AppIcon;
				ASSETCATALOG_COMPILER_GLOBAL_ACCENT_COLOR_NAME = AccentColor;
				CODE_SIGN_ENTITLEMENTS = HelloFromTailscale/HelloFromTailscale.entitlements;
				CODE_SIGN_STYLE = Automatic;
				COMBINE_HIDPI_IMAGES = YES;
				CURRENT_PROJECT_VERSION = 1;
				DEVELOPMENT_ASSET_PATHS = "\"HelloFromTailscale/Preview Content\"";
				DEVELOPMENT_TEAM = W5364U7YZB;
				ENABLE_HARDENED_RUNTIME = YES;
				ENABLE_PREVIEWS = YES;
				FRAMEWORK_SEARCH_PATHS = ../../build/Build;
				GENERATE_INFOPLIST_FILE = YES;
				INFOPLIST_FILE = HelloFromTailscale/Info.plist;
				INFOPLIST_KEY_NSHumanReadableCopyright = "";
				LD_RUNPATH_SEARCH_PATHS = (
					"$(inherited)",
					"@executable_path/../Frameworks",
				);
				MARKETING_VERSION = 1.0;
				PRODUCT_BUNDLE_IDENTIFIER = io.tailscale.HelloFromTailscale;
				PRODUCT_NAME = "$(TARGET_NAME)";
				SWIFT_EMIT_LOC_STRINGS = YES;
				SWIFT_VERSION = 6.0;
			};
			name = Release;
		};
		C289803C2DBA8A350019B7EB /* Debug */ = {
			isa = XCBuildConfiguration;
			buildSettings = {
				ASSETCATALOG_COMPILER_APPICON_NAME = AppIcon;
				ASSETCATALOG_COMPILER_GLOBAL_ACCENT_COLOR_NAME = AccentColor;
				CODE_SIGN_ENTITLEMENTS = HelloFromTailscale/HelloFromTailscale.entitlements;
				CODE_SIGN_STYLE = Automatic;
				COMBINE_HIDPI_IMAGES = YES;
				CURRENT_PROJECT_VERSION = 1;
				DEVELOPMENT_ASSET_PATHS = "\"HelloFromTailscale/Preview Content\"";
				DEVELOPMENT_TEAM = W5364U7YZB;
				ENABLE_HARDENED_RUNTIME = YES;
				ENABLE_PREVIEWS = YES;
				FRAMEWORK_SEARCH_PATHS = "../../build/Build/Products/Release-iphonefat";
				GENERATE_INFOPLIST_FILE = YES;
				INFOPLIST_FILE = HelloFromTailscale/Info_iOS.plist;
				INFOPLIST_KEY_NSHumanReadableCopyright = "";
				LD_RUNPATH_SEARCH_PATHS = (
					"$(inherited)",
					"@executable_path/Frameworks",
				);
				MARKETING_VERSION = 1.0;
				PRODUCT_BUNDLE_IDENTIFIER = io.tailscale.HelloFromTailscale;
				PRODUCT_NAME = "$(TARGET_NAME)";
				SDKROOT = iphoneos;
				SUPPORTED_PLATFORMS = "iphoneos iphonesimulator";
				SUPPORTS_MACCATALYST = NO;
				SUPPORTS_MAC_DESIGNED_FOR_IPHONE_IPAD = NO;
				SUPPORTS_XR_DESIGNED_FOR_IPHONE_IPAD = NO;
				SWIFT_EMIT_LOC_STRINGS = YES;
				SWIFT_VERSION = 6.0;
				TARGETED_DEVICE_FAMILY = 1;
			};
			name = Debug;
		};
		C289803D2DBA8A350019B7EB /* Release */ = {
			isa = XCBuildConfiguration;
			buildSettings = {
				ASSETCATALOG_COMPILER_APPICON_NAME = AppIcon;
				ASSETCATALOG_COMPILER_GLOBAL_ACCENT_COLOR_NAME = AccentColor;
				CODE_SIGN_ENTITLEMENTS = HelloFromTailscale/HelloFromTailscale.entitlements;
				CODE_SIGN_STYLE = Automatic;
				COMBINE_HIDPI_IMAGES = YES;
				CURRENT_PROJECT_VERSION = 1;
				DEVELOPMENT_ASSET_PATHS = "\"HelloFromTailscale/Preview Content\"";
				DEVELOPMENT_TEAM = W5364U7YZB;
				ENABLE_HARDENED_RUNTIME = YES;
				ENABLE_PREVIEWS = YES;
				FRAMEWORK_SEARCH_PATHS = "../../build/Build/Products/Release-iphonefat";
				GENERATE_INFOPLIST_FILE = YES;
				INFOPLIST_FILE = HelloFromTailscale/Info_iOS.plist;
				INFOPLIST_KEY_NSHumanReadableCopyright = "";
				LD_RUNPATH_SEARCH_PATHS = (
					"$(inherited)",
					"@executable_path/Frameworks",
				);
				MARKETING_VERSION = 1.0;
				PRODUCT_BUNDLE_IDENTIFIER = io.tailscale.HelloFromTailscale;
				PRODUCT_NAME = "$(TARGET_NAME)";
				SDKROOT = iphoneos;
				SUPPORTED_PLATFORMS = "iphoneos iphonesimulator";
				SUPPORTS_MACCATALYST = NO;
				SUPPORTS_MAC_DESIGNED_FOR_IPHONE_IPAD = NO;
				SUPPORTS_XR_DESIGNED_FOR_IPHONE_IPAD = NO;
				SWIFT_EMIT_LOC_STRINGS = YES;
				SWIFT_VERSION = 6.0;
				TARGETED_DEVICE_FAMILY = 1;
			};
			name = Release;
		};
/* End XCBuildConfiguration section */

/* Begin XCConfigurationList section */
		C2525FB52D7A69A500BD3CCA /* Build configuration list for PBXProject "TailscaleKitHello" */ = {
			isa = XCConfigurationList;
			buildConfigurations = (
				C2525FBF2D7A69A500BD3CCA /* Debug */,
				C2525FC02D7A69A500BD3CCA /* Release */,
			);
			defaultConfigurationIsVisible = 0;
			defaultConfigurationName = Release;
		};
		C2525FFD2D7A70B900BD3CCA /* Build configuration list for PBXNativeTarget "HelloFromTailscale" */ = {
			isa = XCConfigurationList;
			buildConfigurations = (
				C2525FFE2D7A70B900BD3CCA /* Debug */,
				C2525FFF2D7A70B900BD3CCA /* Release */,
			);
			defaultConfigurationIsVisible = 0;
			defaultConfigurationName = Release;
		};
		C289803B2DBA8A350019B7EB /* Build configuration list for PBXNativeTarget "HelloFromTailscale_iOS" */ = {
			isa = XCConfigurationList;
			buildConfigurations = (
				C289803C2DBA8A350019B7EB /* Debug */,
				C289803D2DBA8A350019B7EB /* Release */,
			);
			defaultConfigurationIsVisible = 0;
			defaultConfigurationName = Release;
		};
/* End XCConfigurationList section */
	};
	rootObject = C2525FB22D7A69A500BD3CCA /* Project object */;
}
